// !$*UTF8*$!
{
	archiveVersion = 1;
	classes = {
	};
	objectVersion = 51;
	objects = {

/* Begin PBXBuildFile section */
		9D3D2391248A5A5600ADAED9 /* addTransactionViewController.swift in Sources */ = {isa = PBXBuildFile; fileRef = 9D3D2390248A5A5600ADAED9 /* addTransactionViewController.swift */; };
		9D45F04D248DF56200AC113E /* addGoalViewController.swift in Sources */ = {isa = PBXBuildFile; fileRef = 9D45F04C248DF56200AC113E /* addGoalViewController.swift */; };
		9D67716B243849EC0053C936 /* AppDelegate.swift in Sources */ = {isa = PBXBuildFile; fileRef = 9D67716A243849EC0053C936 /* AppDelegate.swift */; };
		9D67716D243849EC0053C936 /* ViewController.swift in Sources */ = {isa = PBXBuildFile; fileRef = 9D67716C243849EC0053C936 /* ViewController.swift */; };
		9D677170243849EC0053C936 /* Main.storyboard in Resources */ = {isa = PBXBuildFile; fileRef = 9D67716E243849EC0053C936 /* Main.storyboard */; };
		9D677181243855900053C936 /* App Launch 300x300.png in Resources */ = {isa = PBXBuildFile; fileRef = 9D6771802438558F0053C936 /* App Launch 300x300.png */; };
		9D73147524C8A493001C73C9 /* Assets.xcassets in Resources */ = {isa = PBXBuildFile; fileRef = 9D73147424C8A493001C73C9 /* Assets.xcassets */; };
		9D73147B24CC0C94001C73C9 /* editGoalViewController.swift in Sources */ = {isa = PBXBuildFile; fileRef = 9D73147A24CC0C93001C73C9 /* editGoalViewController.swift */; };
		9D73147D24CC532E001C73C9 /* SettingViewController.swift in Sources */ = {isa = PBXBuildFile; fileRef = 9D73147C24CC532E001C73C9 /* SettingViewController.swift */; };
		9D9471D42492651D00311982 /* goal.swift in Sources */ = {isa = PBXBuildFile; fileRef = 9D9471D32492651D00311982 /* goal.swift */; };
		9D9471D6249265EB00311982 /* transaction.swift in Sources */ = {isa = PBXBuildFile; fileRef = 9D9471D5249265EB00311982 /* transaction.swift */; };
		9D9471D824933AD800311982 /* budgetOverviewViewController.swift in Sources */ = {isa = PBXBuildFile; fileRef = 9D9471D724933AD800311982 /* budgetOverviewViewController.swift */; };
		9D9471DB249359CC00311982 /* budgetTableViewCell.swift in Sources */ = {isa = PBXBuildFile; fileRef = 9D9471D9249359CC00311982 /* budgetTableViewCell.swift */; };
		9D9471DC249359CC00311982 /* budgetTableViewCell.xib in Resources */ = {isa = PBXBuildFile; fileRef = 9D9471DA249359CC00311982 /* budgetTableViewCell.xib */; };
		9D9C25142496191200DD61DC /* goalSettingViewController.swift in Sources */ = {isa = PBXBuildFile; fileRef = 9D9C25132496191200DD61DC /* goalSettingViewController.swift */; };
		9D9C251724965A3E00DD61DC /* goalListTableViewCell.swift in Sources */ = {isa = PBXBuildFile; fileRef = 9D9C251524965A3E00DD61DC /* goalListTableViewCell.swift */; };
		9D9C251824965A3E00DD61DC /* goalListTableViewCell.xib in Resources */ = {isa = PBXBuildFile; fileRef = 9D9C251624965A3E00DD61DC /* goalListTableViewCell.xib */; };
		9D9F4E7E249CCADF00D4E72B /* AnalysisViewController.swift in Sources */ = {isa = PBXBuildFile; fileRef = 9D9F4E7D249CCADF00D4E72B /* AnalysisViewController.swift */; };
		9DB826F224AF917300CCFEF3 /* reminder.swift in Sources */ = {isa = PBXBuildFile; fileRef = 9DB826F124AF917300CCFEF3 /* reminder.swift */; };
		9DB826F724AF951B00CCFEF3 /* reminderListingTableViewCell.swift in Sources */ = {isa = PBXBuildFile; fileRef = 9DB826F524AF951B00CCFEF3 /* reminderListingTableViewCell.swift */; };
		9DB826F824AF951B00CCFEF3 /* reminderListingTableViewCell.xib in Resources */ = {isa = PBXBuildFile; fileRef = 9DB826F624AF951B00CCFEF3 /* reminderListingTableViewCell.xib */; };
		9DB826FA24AF984200CCFEF3 /* reminderListingViewController.swift in Sources */ = {isa = PBXBuildFile; fileRef = 9DB826F924AF984200CCFEF3 /* reminderListingViewController.swift */; };
		9DC20E75249BDB3E00E0ECCD /* Pods_Money_Coach.framework in Frameworks */ = {isa = PBXBuildFile; fileRef = 6E46B7F7AFD142AAA5DC1512 /* Pods_Money_Coach.framework */; };
		9DEB7DDC249E55E600F6BB8F /* ExpensesReportViewController.swift in Sources */ = {isa = PBXBuildFile; fileRef = 9DEB7DDB249E55E600F6BB8F /* ExpensesReportViewController.swift */; };
		9DEB7DE4249E742000F6BB8F /* budgetReportViewController.swift in Sources */ = {isa = PBXBuildFile; fileRef = 9DEB7DE3249E741C00F6BB8F /* budgetReportViewController.swift */; };
/* End PBXBuildFile section */

/* Begin PBXFileReference section */
		6E46B7F7AFD142AAA5DC1512 /* Pods_Money_Coach.framework */ = {isa = PBXFileReference; explicitFileType = wrapper.framework; includeInIndex = 0; path = Pods_Money_Coach.framework; sourceTree = BUILT_PRODUCTS_DIR; };
		9D3D2390248A5A5600ADAED9 /* addTransactionViewController.swift */ = {isa = PBXFileReference; lastKnownFileType = sourcecode.swift; path = addTransactionViewController.swift; sourceTree = "<group>"; wrapsLines = 0; };
		9D45F04C248DF56200AC113E /* addGoalViewController.swift */ = {isa = PBXFileReference; lastKnownFileType = sourcecode.swift; path = addGoalViewController.swift; sourceTree = "<group>"; };
		9D677167243849EC0053C936 /* Money Coach.app */ = {isa = PBXFileReference; explicitFileType = wrapper.application; includeInIndex = 0; path = "Money Coach.app"; sourceTree = BUILT_PRODUCTS_DIR; };
		9D67716A243849EC0053C936 /* AppDelegate.swift */ = {isa = PBXFileReference; lastKnownFileType = sourcecode.swift; path = AppDelegate.swift; sourceTree = "<group>"; };
		9D67716C243849EC0053C936 /* ViewController.swift */ = {isa = PBXFileReference; lastKnownFileType = sourcecode.swift; path = ViewController.swift; sourceTree = "<group>"; };
		9D67716F243849EC0053C936 /* Base */ = {isa = PBXFileReference; lastKnownFileType = file.storyboard; name = Base; path = Base.lproj/Main.storyboard; sourceTree = "<group>"; };
		9D677174243849EE0053C936 /* Base */ = {isa = PBXFileReference; lastKnownFileType = file.storyboard; name = Base; path = Base.lproj/LaunchScreen.storyboard; sourceTree = "<group>"; };
		9D677176243849EE0053C936 /* Info.plist */ = {isa = PBXFileReference; lastKnownFileType = text.plist.xml; path = Info.plist; sourceTree = "<group>"; };
		9D6771802438558F0053C936 /* App Launch 300x300.png */ = {isa = PBXFileReference; lastKnownFileType = image.png; path = "App Launch 300x300.png"; sourceTree = "<group>"; };
		9D73147424C8A493001C73C9 /* Assets.xcassets */ = {isa = PBXFileReference; lastKnownFileType = folder.assetcatalog; name = Assets.xcassets; path = "../../Money Coach/Money Coach/Assets.xcassets"; sourceTree = "<group>"; };
		9D73147A24CC0C93001C73C9 /* editGoalViewController.swift */ = {isa = PBXFileReference; lastKnownFileType = sourcecode.swift; path = editGoalViewController.swift; sourceTree = "<group>"; };
		9D73147C24CC532E001C73C9 /* SettingViewController.swift */ = {isa = PBXFileReference; lastKnownFileType = sourcecode.swift; path = SettingViewController.swift; sourceTree = "<group>"; };
		9D9471D32492651D00311982 /* goal.swift */ = {isa = PBXFileReference; lastKnownFileType = sourcecode.swift; path = goal.swift; sourceTree = "<group>"; };
		9D9471D5249265EB00311982 /* transaction.swift */ = {isa = PBXFileReference; lastKnownFileType = sourcecode.swift; path = transaction.swift; sourceTree = "<group>"; };
		9D9471D724933AD800311982 /* budgetOverviewViewController.swift */ = {isa = PBXFileReference; lastKnownFileType = sourcecode.swift; path = budgetOverviewViewController.swift; sourceTree = "<group>"; };
		9D9471D9249359CC00311982 /* budgetTableViewCell.swift */ = {isa = PBXFileReference; lastKnownFileType = sourcecode.swift; path = budgetTableViewCell.swift; sourceTree = "<group>"; };
		9D9471DA249359CC00311982 /* budgetTableViewCell.xib */ = {isa = PBXFileReference; lastKnownFileType = file.xib; path = budgetTableViewCell.xib; sourceTree = "<group>"; };
		9D9C25132496191200DD61DC /* goalSettingViewController.swift */ = {isa = PBXFileReference; lastKnownFileType = sourcecode.swift; path = goalSettingViewController.swift; sourceTree = "<group>"; };
		9D9C251524965A3E00DD61DC /* goalListTableViewCell.swift */ = {isa = PBXFileReference; lastKnownFileType = sourcecode.swift; path = goalListTableViewCell.swift; sourceTree = "<group>"; };
		9D9C251624965A3E00DD61DC /* goalListTableViewCell.xib */ = {isa = PBXFileReference; lastKnownFileType = file.xib; path = goalListTableViewCell.xib; sourceTree = "<group>"; };
		9D9F4E7D249CCADF00D4E72B /* AnalysisViewController.swift */ = {isa = PBXFileReference; lastKnownFileType = sourcecode.swift; path = AnalysisViewController.swift; sourceTree = "<group>"; };
		9DB826F124AF917300CCFEF3 /* reminder.swift */ = {isa = PBXFileReference; lastKnownFileType = sourcecode.swift; path = reminder.swift; sourceTree = "<group>"; };
		9DB826F524AF951B00CCFEF3 /* reminderListingTableViewCell.swift */ = {isa = PBXFileReference; lastKnownFileType = sourcecode.swift; path = reminderListingTableViewCell.swift; sourceTree = "<group>"; };
		9DB826F624AF951B00CCFEF3 /* reminderListingTableViewCell.xib */ = {isa = PBXFileReference; lastKnownFileType = file.xib; path = reminderListingTableViewCell.xib; sourceTree = "<group>"; };
		9DB826F924AF984200CCFEF3 /* reminderListingViewController.swift */ = {isa = PBXFileReference; lastKnownFileType = sourcecode.swift; path = reminderListingViewController.swift; sourceTree = "<group>"; };
		9DEB7DDB249E55E600F6BB8F /* ExpensesReportViewController.swift */ = {isa = PBXFileReference; lastKnownFileType = sourcecode.swift; path = ExpensesReportViewController.swift; sourceTree = "<group>"; };
		9DEB7DE3249E741C00F6BB8F /* budgetReportViewController.swift */ = {isa = PBXFileReference; lastKnownFileType = sourcecode.swift; path = budgetReportViewController.swift; sourceTree = "<group>"; };
		CB69AEF026143E362EF2DEFF /* Pods-Money Coach.release.xcconfig */ = {isa = PBXFileReference; includeInIndex = 1; lastKnownFileType = text.xcconfig; name = "Pods-Money Coach.release.xcconfig"; path = "Target Support Files/Pods-Money Coach/Pods-Money Coach.release.xcconfig"; sourceTree = "<group>"; };
		FC09BD075BB3CCEE33322B13 /* Pods-Money Coach.debug.xcconfig */ = {isa = PBXFileReference; includeInIndex = 1; lastKnownFileType = text.xcconfig; name = "Pods-Money Coach.debug.xcconfig"; path = "Target Support Files/Pods-Money Coach/Pods-Money Coach.debug.xcconfig"; sourceTree = "<group>"; };
/* End PBXFileReference section */

/* Begin PBXFrameworksBuildPhase section */
		9D677164243849EC0053C936 /* Frameworks */ = {
			isa = PBXFrameworksBuildPhase;
			buildActionMask = 2147483647;
			files = (
				9DC20E75249BDB3E00E0ECCD /* Pods_Money_Coach.framework in Frameworks */,
			);
			runOnlyForDeploymentPostprocessing = 0;
		};
/* End PBXFrameworksBuildPhase section */

/* Begin PBXGroup section */
		7740E75FA3936DA8EF473D38 /* Pods */ = {
			isa = PBXGroup;
			children = (
				FC09BD075BB3CCEE33322B13 /* Pods-Money Coach.debug.xcconfig */,
				CB69AEF026143E362EF2DEFF /* Pods-Money Coach.release.xcconfig */,
			);
			path = Pods;
			sourceTree = "<group>";
		};
		9D67715E243849EC0053C936 = {
			isa = PBXGroup;
			children = (
				9D677169243849EC0053C936 /* Money Coach */,
				9D677168243849EC0053C936 /* Products */,
				7740E75FA3936DA8EF473D38 /* Pods */,
				D1FD1AD1982D186CC55CA2BA /* Frameworks */,
			);
			sourceTree = "<group>";
		};
		9D677168243849EC0053C936 /* Products */ = {
			isa = PBXGroup;
			children = (
				9D677167243849EC0053C936 /* Money Coach.app */,
			);
			name = Products;
			sourceTree = "<group>";
		};
		9D677169243849EC0053C936 /* Money Coach */ = {
			isa = PBXGroup;
			children = (
				9D67716A243849EC0053C936 /* AppDelegate.swift */,
				9DEB7DE3249E741C00F6BB8F /* budgetReportViewController.swift */,
				9D67716C243849EC0053C936 /* ViewController.swift */,
				9D3D2390248A5A5600ADAED9 /* addTransactionViewController.swift */,
				9D9F4E7D249CCADF00D4E72B /* AnalysisViewController.swift */,
				9D67716E243849EC0053C936 /* Main.storyboard */,
				9D9471D724933AD800311982 /* budgetOverviewViewController.swift */,
				9D677173243849EE0053C936 /* LaunchScreen.storyboard */,
				9DEB7DDB249E55E600F6BB8F /* ExpensesReportViewController.swift */,
				9D45F04C248DF56200AC113E /* addGoalViewController.swift */,
				9D9C251524965A3E00DD61DC /* goalListTableViewCell.swift */,
				9D73147C24CC532E001C73C9 /* SettingViewController.swift */,
				9D9C251624965A3E00DD61DC /* goalListTableViewCell.xib */,
				9D9C25132496191200DD61DC /* goalSettingViewController.swift */,
				9D73147A24CC0C93001C73C9 /* editGoalViewController.swift */,
				9D9471D32492651D00311982 /* goal.swift */,
				9D9471D5249265EB00311982 /* transaction.swift */,
				9DB826F124AF917300CCFEF3 /* reminder.swift */,
				9D73147424C8A493001C73C9 /* Assets.xcassets */,
				9DB826F924AF984200CCFEF3 /* reminderListingViewController.swift */,
				9DB826F524AF951B00CCFEF3 /* reminderListingTableViewCell.swift */,
				9DB826F624AF951B00CCFEF3 /* reminderListingTableViewCell.xib */,
				9D6771802438558F0053C936 /* App Launch 300x300.png */,
				9D677176243849EE0053C936 /* Info.plist */,
				9D9471D9249359CC00311982 /* budgetTableViewCell.swift */,
				9D9471DA249359CC00311982 /* budgetTableViewCell.xib */,
			);
			path = "Money Coach";
			sourceTree = "<group>";
		};
		D1FD1AD1982D186CC55CA2BA /* Frameworks */ = {
			isa = PBXGroup;
			children = (
				6E46B7F7AFD142AAA5DC1512 /* Pods_Money_Coach.framework */,
			);
			name = Frameworks;
			sourceTree = "<group>";
		};
/* End PBXGroup section */

/* Begin PBXNativeTarget section */
		9D677166243849EC0053C936 /* Money Coach */ = {
			isa = PBXNativeTarget;
			buildConfigurationList = 9D677179243849EE0053C936 /* Build configuration list for PBXNativeTarget "Money Coach" */;
			buildPhases = (
				D9BF392187F04DAA3DE5B982 /* [CP] Check Pods Manifest.lock */,
				9D677163243849EC0053C936 /* Sources */,
				9D677164243849EC0053C936 /* Frameworks */,
				9D677165243849EC0053C936 /* Resources */,
				7300DA1374F1A950A243A9CE /* [CP] Embed Pods Frameworks */,
			);
			buildRules = (
			);
			dependencies = (
			);
			name = "Money Coach";
			productName = "Money Coach";
			productReference = 9D677167243849EC0053C936 /* Money Coach.app */;
			productType = "com.apple.product-type.application";
		};
/* End PBXNativeTarget section */

/* Begin PBXProject section */
		9D67715F243849EC0053C936 /* Project object */ = {
			isa = PBXProject;
			attributes = {
				LastSwiftUpdateCheck = 1010;
				LastUpgradeCheck = 1010;
				ORGANIZATIONNAME = felicia;
				TargetAttributes = {
					9D677166243849EC0053C936 = {
						CreatedOnToolsVersion = 10.1;
					};
				};
			};
			buildConfigurationList = 9D677162243849EC0053C936 /* Build configuration list for PBXProject "Money Coach" */;
			compatibilityVersion = "Xcode 9.3";
			developmentRegion = en;
			hasScannedForEncodings = 0;
			knownRegions = (
				en,
				Base,
			);
			mainGroup = 9D67715E243849EC0053C936;
			productRefGroup = 9D677168243849EC0053C936 /* Products */;
			projectDirPath = "";
			projectRoot = "";
			targets = (
				9D677166243849EC0053C936 /* Money Coach */,
			);
		};
/* End PBXProject section */

/* Begin PBXResourcesBuildPhase section */
		9D677165243849EC0053C936 /* Resources */ = {
			isa = PBXResourcesBuildPhase;
			buildActionMask = 2147483647;
			files = (
				9D9C251824965A3E00DD61DC /* goalListTableViewCell.xib in Resources */,
				9D677170243849EC0053C936 /* Main.storyboard in Resources */,
				9DB826F824AF951B00CCFEF3 /* reminderListingTableViewCell.xib in Resources */,
				9D9471DC249359CC00311982 /* budgetTableViewCell.xib in Resources */,
				9D73147524C8A493001C73C9 /* Assets.xcassets in Resources */,
				9D677181243855900053C936 /* App Launch 300x300.png in Resources */,
			);
			runOnlyForDeploymentPostprocessing = 0;
		};
/* End PBXResourcesBuildPhase section */

/* Begin PBXShellScriptBuildPhase section */
		7300DA1374F1A950A243A9CE /* [CP] Embed Pods Frameworks */ = {
			isa = PBXShellScriptBuildPhase;
			buildActionMask = 2147483647;
			files = (
			);
			inputFileListPaths = (
				"${PODS_ROOT}/Target Support Files/Pods-Money Coach/Pods-Money Coach-frameworks-${CONFIGURATION}-input-files.xcfilelist",
			);
			name = "[CP] Embed Pods Frameworks";
			outputFileListPaths = (
				"${PODS_ROOT}/Target Support Files/Pods-Money Coach/Pods-Money Coach-frameworks-${CONFIGURATION}-output-files.xcfilelist",
			);
			runOnlyForDeploymentPostprocessing = 0;
			shellPath = /bin/sh;
			shellScript = "\"${PODS_ROOT}/Target Support Files/Pods-Money Coach/Pods-Money Coach-frameworks.sh\"\n";
			showEnvVarsInLog = 0;
		};
		D9BF392187F04DAA3DE5B982 /* [CP] Check Pods Manifest.lock */ = {
			isa = PBXShellScriptBuildPhase;
			buildActionMask = 2147483647;
			files = (
			);
			inputFileListPaths = (
			);
			inputPaths = (
				"${PODS_PODFILE_DIR_PATH}/Podfile.lock",
				"${PODS_ROOT}/Manifest.lock",
			);
			name = "[CP] Check Pods Manifest.lock";
			outputFileListPaths = (
			);
			outputPaths = (
				"$(DERIVED_FILE_DIR)/Pods-Money Coach-checkManifestLockResult.txt",
			);
			runOnlyForDeploymentPostprocessing = 0;
			shellPath = /bin/sh;
			shellScript = "diff \"${PODS_PODFILE_DIR_PATH}/Podfile.lock\" \"${PODS_ROOT}/Manifest.lock\" > /dev/null\nif [ $? != 0 ] ; then\n    # print error to STDERR\n    echo \"error: The sandbox is not in sync with the Podfile.lock. Run 'pod install' or update your CocoaPods installation.\" >&2\n    exit 1\nfi\n# This output is used by Xcode 'outputs' to avoid re-running this script phase.\necho \"SUCCESS\" > \"${SCRIPT_OUTPUT_FILE_0}\"\n";
			showEnvVarsInLog = 0;
		};
/* End PBXShellScriptBuildPhase section */

/* Begin PBXSourcesBuildPhase section */
		9D677163243849EC0053C936 /* Sources */ = {
			isa = PBXSourcesBuildPhase;
			buildActionMask = 2147483647;
			files = (
				9DB826F724AF951B00CCFEF3 /* reminderListingTableViewCell.swift in Sources */,
				9DEB7DE4249E742000F6BB8F /* budgetReportViewController.swift in Sources */,
				9D9471D824933AD800311982 /* budgetOverviewViewController.swift in Sources */,
				9D9471D6249265EB00311982 /* transaction.swift in Sources */,
				9D9471DB249359CC00311982 /* budgetTableViewCell.swift in Sources */,
				9D73147D24CC532E001C73C9 /* SettingViewController.swift in Sources */,
				9DB826FA24AF984200CCFEF3 /* reminderListingViewController.swift in Sources */,
				9D9F4E7E249CCADF00D4E72B /* AnalysisViewController.swift in Sources */,
				9D3D2391248A5A5600ADAED9 /* addTransactionViewController.swift in Sources */,
				9D45F04D248DF56200AC113E /* addGoalViewController.swift in Sources */,
				9D9C25142496191200DD61DC /* goalSettingViewController.swift in Sources */,
				9DEB7DDC249E55E600F6BB8F /* ExpensesReportViewController.swift in Sources */,
				9DB826F224AF917300CCFEF3 /* reminder.swift in Sources */,
				9D9C251724965A3E00DD61DC /* goalListTableViewCell.swift in Sources */,
				9D73147B24CC0C94001C73C9 /* editGoalViewController.swift in Sources */,
				9D67716D243849EC0053C936 /* ViewController.swift in Sources */,
				9D67716B243849EC0053C936 /* AppDelegate.swift in Sources */,
				9D9471D42492651D00311982 /* goal.swift in Sources */,
			);
			runOnlyForDeploymentPostprocessing = 0;
		};
/* End PBXSourcesBuildPhase section */

/* Begin PBXVariantGroup section */
		9D67716E243849EC0053C936 /* Main.storyboard */ = {
			isa = PBXVariantGroup;
			children = (
				9D67716F243849EC0053C936 /* Base */,
			);
			name = Main.storyboard;
			sourceTree = "<group>";
		};
		9D677173243849EE0053C936 /* LaunchScreen.storyboard */ = {
			isa = PBXVariantGroup;
			children = (
				9D677174243849EE0053C936 /* Base */,
			);
			name = LaunchScreen.storyboard;
			sourceTree = "<group>";
		};
/* End PBXVariantGroup section */

/* Begin XCBuildConfiguration section */
		9D677177243849EE0053C936 /* Debug */ = {
			isa = XCBuildConfiguration;
			buildSettings = {
				ALWAYS_SEARCH_USER_PATHS = NO;
				CLANG_ANALYZER_NONNULL = YES;
				CLANG_ANALYZER_NUMBER_OBJECT_CONVERSION = YES_AGGRESSIVE;
				CLANG_CXX_LANGUAGE_STANDARD = "gnu++14";
				CLANG_CXX_LIBRARY = "libc++";
				CLANG_ENABLE_MODULES = YES;
				CLANG_ENABLE_OBJC_ARC = YES;
				CLANG_ENABLE_OBJC_WEAK = YES;
				CLANG_WARN_BLOCK_CAPTURE_AUTORELEASING = YES;
				CLANG_WARN_BOOL_CONVERSION = YES;
				CLANG_WARN_COMMA = YES;
				CLANG_WARN_CONSTANT_CONVERSION = YES;
				CLANG_WARN_DEPRECATED_OBJC_IMPLEMENTATIONS = YES;
				CLANG_WARN_DIRECT_OBJC_ISA_USAGE = YES_ERROR;
				CLANG_WARN_DOCUMENTATION_COMMENTS = YES;
				CLANG_WARN_EMPTY_BODY = YES;
				CLANG_WARN_ENUM_CONVERSION = YES;
				CLANG_WARN_INFINITE_RECURSION = YES;
				CLANG_WARN_INT_CONVERSION = YES;
				CLANG_WARN_NON_LITERAL_NULL_CONVERSION = YES;
				CLANG_WARN_OBJC_IMPLICIT_RETAIN_SELF = YES;
				CLANG_WARN_OBJC_LITERAL_CONVERSION = YES;
				CLANG_WARN_OBJC_ROOT_CLASS = YES_ERROR;
				CLANG_WARN_RANGE_LOOP_ANALYSIS = YES;
				CLANG_WARN_STRICT_PROTOTYPES = YES;
				CLANG_WARN_SUSPICIOUS_MOVE = YES;
				CLANG_WARN_UNGUARDED_AVAILABILITY = YES_AGGRESSIVE;
				CLANG_WARN_UNREACHABLE_CODE = YES;
				CLANG_WARN__DUPLICATE_METHOD_MATCH = YES;
				CODE_SIGN_IDENTITY = "iPhone Developer";
				COPY_PHASE_STRIP = NO;
				DEBUG_INFORMATION_FORMAT = dwarf;
				DEVELOPMENT_TEAM = A43FNFDNB2;
				ENABLE_STRICT_OBJC_MSGSEND = YES;
				ENABLE_TESTABILITY = YES;
				GCC_C_LANGUAGE_STANDARD = gnu11;
				GCC_DYNAMIC_NO_PIC = NO;
				GCC_NO_COMMON_BLOCKS = YES;
				GCC_OPTIMIZATION_LEVEL = 0;
				GCC_PREPROCESSOR_DEFINITIONS = (
					"DEBUG=1",
					"$(inherited)",
				);
				GCC_WARN_64_TO_32_BIT_CONVERSION = YES;
				GCC_WARN_ABOUT_RETURN_TYPE = YES_ERROR;
				GCC_WARN_UNDECLARED_SELECTOR = YES;
				GCC_WARN_UNINITIALIZED_AUTOS = YES_AGGRESSIVE;
				GCC_WARN_UNUSED_FUNCTION = YES;
				GCC_WARN_UNUSED_VARIABLE = YES;
				IPHONEOS_DEPLOYMENT_TARGET = 12.1;
				MTL_ENABLE_DEBUG_INFO = INCLUDE_SOURCE;
				MTL_FAST_MATH = YES;
				ONLY_ACTIVE_ARCH = YES;
				SDKROOT = iphoneos;
				SWIFT_ACTIVE_COMPILATION_CONDITIONS = DEBUG;
				SWIFT_OPTIMIZATION_LEVEL = "-Onone";
			};
			name = Debug;
		};
		9D677178243849EE0053C936 /* Release */ = {
			isa = XCBuildConfiguration;
			buildSettings = {
				ALWAYS_SEARCH_USER_PATHS = NO;
				CLANG_ANALYZER_NONNULL = YES;
				CLANG_ANALYZER_NUMBER_OBJECT_CONVERSION = YES_AGGRESSIVE;
				CLANG_CXX_LANGUAGE_STANDARD = "gnu++14";
				CLANG_CXX_LIBRARY = "libc++";
				CLANG_ENABLE_MODULES = YES;
				CLANG_ENABLE_OBJC_ARC = YES;
				CLANG_ENABLE_OBJC_WEAK = YES;
				CLANG_WARN_BLOCK_CAPTURE_AUTORELEASING = YES;
				CLANG_WARN_BOOL_CONVERSION = YES;
				CLANG_WARN_COMMA = YES;
				CLANG_WARN_CONSTANT_CONVERSION = YES;
				CLANG_WARN_DEPRECATED_OBJC_IMPLEMENTATIONS = YES;
				CLANG_WARN_DIRECT_OBJC_ISA_USAGE = YES_ERROR;
				CLANG_WARN_DOCUMENTATION_COMMENTS = YES;
				CLANG_WARN_EMPTY_BODY = YES;
				CLANG_WARN_ENUM_CONVERSION = YES;
				CLANG_WARN_INFINITE_RECURSION = YES;
				CLANG_WARN_INT_CONVERSION = YES;
				CLANG_WARN_NON_LITERAL_NULL_CONVERSION = YES;
				CLANG_WARN_OBJC_IMPLICIT_RETAIN_SELF = YES;
				CLANG_WARN_OBJC_LITERAL_CONVERSION = YES;
				CLANG_WARN_OBJC_ROOT_CLASS = YES_ERROR;
				CLANG_WARN_RANGE_LOOP_ANALYSIS = YES;
				CLANG_WARN_STRICT_PROTOTYPES = YES;
				CLANG_WARN_SUSPICIOUS_MOVE = YES;
				CLANG_WARN_UNGUARDED_AVAILABILITY = YES_AGGRESSIVE;
				CLANG_WARN_UNREACHABLE_CODE = YES;
				CLANG_WARN__DUPLICATE_METHOD_MATCH = YES;
				CODE_SIGN_IDENTITY = "iPhone Developer";
				COPY_PHASE_STRIP = NO;
				DEBUG_INFORMATION_FORMAT = "dwarf-with-dsym";
				DEVELOPMENT_TEAM = A43FNFDNB2;
				ENABLE_NS_ASSERTIONS = NO;
				ENABLE_STRICT_OBJC_MSGSEND = YES;
				GCC_C_LANGUAGE_STANDARD = gnu11;
				GCC_NO_COMMON_BLOCKS = YES;
				GCC_WARN_64_TO_32_BIT_CONVERSION = YES;
				GCC_WARN_ABOUT_RETURN_TYPE = YES_ERROR;
				GCC_WARN_UNDECLARED_SELECTOR = YES;
				GCC_WARN_UNINITIALIZED_AUTOS = YES_AGGRESSIVE;
				GCC_WARN_UNUSED_FUNCTION = YES;
				GCC_WARN_UNUSED_VARIABLE = YES;
				IPHONEOS_DEPLOYMENT_TARGET = 12.1;
				MTL_ENABLE_DEBUG_INFO = NO;
				MTL_FAST_MATH = YES;
				SDKROOT = iphoneos;
				SWIFT_COMPILATION_MODE = wholemodule;
				SWIFT_OPTIMIZATION_LEVEL = "-O";
				VALIDATE_PRODUCT = YES;
			};
			name = Release;
		};
		9D67717A243849EE0053C936 /* Debug */ = {
			isa = XCBuildConfiguration;
			baseConfigurationReference = FC09BD075BB3CCEE33322B13 /* Pods-Money Coach.debug.xcconfig */;
			buildSettings = {
				ASSETCATALOG_COMPILER_APPICON_NAME = AppIcon;
				CODE_SIGN_IDENTITY = "Apple Development";
				CODE_SIGN_STYLE = Automatic;
				DEVELOPMENT_TEAM = A43FNFDNB2;
				INFOPLIST_FILE = "Money Coach/Info.plist";
				LD_RUNPATH_SEARCH_PATHS = (
					"$(inherited)",
					"@executable_path/Frameworks",
				);
				PRODUCT_BUNDLE_IDENTIFIER = "Lee-Hui-Min.Money-Coach";
				PRODUCT_NAME = "$(TARGET_NAME)";
				PROVISIONING_PROFILE_SPECIFIER = "";
				SWIFT_VERSION = 4.2;
				TARGETED_DEVICE_FAMILY = 1;
			};
			name = Debug;
		};
		9D67717B243849EE0053C936 /* Release */ = {
			isa = XCBuildConfiguration;
			baseConfigurationReference = CB69AEF026143E362EF2DEFF /* Pods-Money Coach.release.xcconfig */;
			buildSettings = {
				ASSETCATALOG_COMPILER_APPICON_NAME = AppIcon;
				CODE_SIGN_IDENTITY = "Apple Development";
				CODE_SIGN_STYLE = Automatic;
				DEVELOPMENT_TEAM = A43FNFDNB2;
				INFOPLIST_FILE = "Money Coach/Info.plist";
				LD_RUNPATH_SEARCH_PATHS = (
					"$(inherited)",
					"@executable_path/Frameworks",
				);
				PRODUCT_BUNDLE_IDENTIFIER = "Lee-Hui-Min.Money-Coach";
				PRODUCT_NAME = "$(TARGET_NAME)";
				PROVISIONING_PROFILE_SPECIFIER = "";
				SWIFT_VERSION = 4.2;
				TARGETED_DEVICE_FAMILY = 1;
			};
			name = Release;
		};
/* End XCBuildConfiguration section */

/* Begin XCConfigurationList section */
		9D677162243849EC0053C936 /* Build configuration list for PBXProject "Money Coach" */ = {
			isa = XCConfigurationList;
			buildConfigurations = (
				9D677177243849EE0053C936 /* Debug */,
				9D677178243849EE0053C936 /* Release */,
			);
			defaultConfigurationIsVisible = 0;
			defaultConfigurationName = Release;
		};
		9D677179243849EE0053C936 /* Build configuration list for PBXNativeTarget "Money Coach" */ = {
			isa = XCConfigurationList;
			buildConfigurations = (
				9D67717A243849EE0053C936 /* Debug */,
				9D67717B243849EE0053C936 /* Release */,
			);
			defaultConfigurationIsVisible = 0;
			defaultConfigurationName = Release;
		};
/* End XCConfigurationList section */
	};
	rootObject = 9D67715F243849EC0053C936 /* Project object */;
}
